
Microsoft Visual Studio Solution File, Format Version 12.00
# Visual Studio Version 17
VisualStudioVersion = 17.9.34728.123
MinimumVisualStudioVersion = 10.0.40219.1
Project("{FAE04EC0-301F-11D3-BF4B-00C04F79EFBC}") = "ECommerce", "ECommerce.csproj", "{08DD3A8A-8C36-4361-873D-2CD4B56CC8D1}"
EndProject
Global
	GlobalSection(SolutionConfigurationPlatforms) = preSolution
		Debug|Any CPU = Debug|Any CPU
		Release|Any CPU = Release|Any CPU
	EndGlobalSection
	GlobalSection(ProjectConfigurationPlatforms) = postSolution
		{08DD3A8A-8C36-4361-873D-2CD4B56CC8D1}.Debug|Any CPU.ActiveCfg = Debug|Any CPU
		{08DD3A8A-8C36-4361-873D-2CD4B56CC8D1}.Debug|Any CPU.Build.0 = Debug|Any CPU
		{08DD3A8A-8C36-4361-873D-2CD4B56CC8D1}.Release|Any CPU.ActiveCfg = Release|Any CPU
		{08DD3A8A-8C36-4361-873D-2CD4B56CC8D1}.Release|Any CPU.Build.0 = Release|Any CPU
	EndGlobalSection
	GlobalSection(SolutionProperties) = preSolution
		HideSolutionNode = FALSE
	EndGlobalSection
	GlobalSection(ExtensibilityGlobals) = postSolution
		SolutionGuid = {64825B83-5729-48E8-9737-85CA80D06B00}
	EndGlobalSection
EndGlobal
